// !$*UTF8*$!
{
	archiveVersion = 1;
	classes = {
	};
	objectVersion = 56;
	objects = {

/* Begin PBXBuildFile section */
		44E4468028F0BFFD00167DC5 /* MainBarViewController.swift in Sources */ = {isa = PBXBuildFile; fileRef = 44E4467F28F0BFFD00167DC5 /* MainBarViewController.swift */; };
		44E4468228F0C22000167DC5 /* SignOutViewController.swift in Sources */ = {isa = PBXBuildFile; fileRef = 44E4468128F0C22000167DC5 /* SignOutViewController.swift */; };
		44E4468428F0C40C00167DC5 /* BrowsCatalogViewControler.swift in Sources */ = {isa = PBXBuildFile; fileRef = 44E4468328F0C40C00167DC5 /* BrowsCatalogViewControler.swift */; };
		44E4468628F0CEA500167DC5 /* AnimalViewController.swift in Sources */ = {isa = PBXBuildFile; fileRef = 44E4468528F0CEA500167DC5 /* AnimalViewController.swift */; };
		44FA61DD28F069EA00DC3E8D /* AppDelegate.swift in Sources */ = {isa = PBXBuildFile; fileRef = 44FA61DC28F069EA00DC3E8D /* AppDelegate.swift */; };
		44FA61DF28F069EA00DC3E8D /* SceneDelegate.swift in Sources */ = {isa = PBXBuildFile; fileRef = 44FA61DE28F069EA00DC3E8D /* SceneDelegate.swift */; };
		44FA61E128F069EA00DC3E8D /* SignInViewController2.swift in Sources */ = {isa = PBXBuildFile; fileRef = 44FA61E028F069EA00DC3E8D /* SignInViewController2.swift */; };
		44FA61E428F069EA00DC3E8D /* Main.storyboard in Resources */ = {isa = PBXBuildFile; fileRef = 44FA61E228F069EA00DC3E8D /* Main.storyboard */; };
		44FA61E628F069EB00DC3E8D /* Assets.xcassets in Resources */ = {isa = PBXBuildFile; fileRef = 44FA61E528F069EB00DC3E8D /* Assets.xcassets */; };
		44FA61E928F069EB00DC3E8D /* LaunchScreen.storyboard in Resources */ = {isa = PBXBuildFile; fileRef = 44FA61E728F069EB00DC3E8D /* LaunchScreen.storyboard */; };
/* End PBXBuildFile section */

/* Begin PBXFileReference section */
		44E4467F28F0BFFD00167DC5 /* MainBarViewController.swift */ = {isa = PBXFileReference; lastKnownFileType = sourcecode.swift; path = MainBarViewController.swift; sourceTree = "<group>"; };
		44E4468128F0C22000167DC5 /* SignOutViewController.swift */ = {isa = PBXFileReference; lastKnownFileType = sourcecode.swift; path = SignOutViewController.swift; sourceTree = "<group>"; };
		44E4468328F0C40C00167DC5 /* BrowsCatalogViewControler.swift */ = {isa = PBXFileReference; lastKnownFileType = sourcecode.swift; path = BrowsCatalogViewControler.swift; sourceTree = "<group>"; };
		44E4468528F0CEA500167DC5 /* AnimalViewController.swift */ = {isa = PBXFileReference; lastKnownFileType = sourcecode.swift; path = AnimalViewController.swift; sourceTree = "<group>"; };
		44FA61D928F069EA00DC3E8D /* 104.app */ = {isa = PBXFileReference; explicitFileType = wrapper.application; includeInIndex = 0; path = 104.app; sourceTree = BUILT_PRODUCTS_DIR; };
		44FA61DC28F069EA00DC3E8D /* AppDelegate.swift */ = {isa = PBXFileReference; lastKnownFileType = sourcecode.swift; path = AppDelegate.swift; sourceTree = "<group>"; };
		44FA61DE28F069EA00DC3E8D /* SceneDelegate.swift */ = {isa = PBXFileReference; lastKnownFileType = sourcecode.swift; path = SceneDelegate.swift; sourceTree = "<group>"; };
		44FA61E028F069EA00DC3E8D /* SignInViewController2.swift */ = {isa = PBXFileReference; lastKnownFileType = sourcecode.swift; path = SignInViewController2.swift; sourceTree = "<group>"; };
		44FA61E328F069EA00DC3E8D /* Base */ = {isa = PBXFileReference; lastKnownFileType = file.storyboard; name = Base; path = Base.lproj/Main.storyboard; sourceTree = "<group>"; };
		44FA61E528F069EB00DC3E8D /* Assets.xcassets */ = {isa = PBXFileReference; lastKnownFileType = folder.assetcatalog; path = Assets.xcassets; sourceTree = "<group>"; };
		44FA61E828F069EB00DC3E8D /* Base */ = {isa = PBXFileReference; lastKnownFileType = file.storyboard; name = Base; path = Base.lproj/LaunchScreen.storyboard; sourceTree = "<group>"; };
		44FA61EA28F069EB00DC3E8D /* Info.plist */ = {isa = PBXFileReference; lastKnownFileType = text.plist.xml; path = Info.plist; sourceTree = "<group>"; };
/* End PBXFileReference section */

/* Begin PBXFrameworksBuildPhase section */
		44FA61D628F069EA00DC3E8D /* Frameworks */ = {
			isa = PBXFrameworksBuildPhase;
			buildActionMask = 2147483647;
			files = (
			);
			runOnlyForDeploymentPostprocessing = 0;
		};
/* End PBXFrameworksBuildPhase section */

/* Begin PBXGroup section */
		44FA61D028F069EA00DC3E8D = {
			isa = PBXGroup;
			children = (
				44FA61DB28F069EA00DC3E8D /* 104 */,
				44FA61DA28F069EA00DC3E8D /* Products */,
			);
			sourceTree = "<group>";
		};
		44FA61DA28F069EA00DC3E8D /* Products */ = {
			isa = PBXGroup;
			children = (
				44FA61D928F069EA00DC3E8D /* 104.app */,
			);
			name = Products;
			sourceTree = "<group>";
		};
		44FA61DB28F069EA00DC3E8D /* 104 */ = {
			isa = PBXGroup;
			children = (
				44FA61DC28F069EA00DC3E8D /* AppDelegate.swift */,
				44FA61DE28F069EA00DC3E8D /* SceneDelegate.swift */,
				44FA61E028F069EA00DC3E8D /* SignInViewController2.swift */,
				44E4467F28F0BFFD00167DC5 /* MainBarViewController.swift */,
				44E4468528F0CEA500167DC5 /* AnimalViewController.swift */,
				44E4468328F0C40C00167DC5 /* BrowsCatalogViewControler.swift */,
				44E4468128F0C22000167DC5 /* SignOutViewController.swift */,
				44FA61E228F069EA00DC3E8D /* Main.storyboard */,
				44FA61E528F069EB00DC3E8D /* Assets.xcassets */,
				44FA61E728F069EB00DC3E8D /* LaunchScreen.storyboard */,
				44FA61EA28F069EB00DC3E8D /* Info.plist */,
			);
			path = 104;
			sourceTree = "<group>";
		};
/* End PBXGroup section */

/* Begin PBXNativeTarget section */
		44FA61D828F069EA00DC3E8D /* 104 */ = {
			isa = PBXNativeTarget;
			buildConfigurationList = 44FA61ED28F069EB00DC3E8D /* Build configuration list for PBXNativeTarget "104" */;
			buildPhases = (
				44FA61D528F069EA00DC3E8D /* Sources */,
				44FA61D628F069EA00DC3E8D /* Frameworks */,
				44FA61D728F069EA00DC3E8D /* Resources */,
			);
			buildRules = (
			);
			dependencies = (
			);
			name = 104;
			productName = 104;
			productReference = 44FA61D928F069EA00DC3E8D /* 104.app */;
			productType = "com.apple.product-type.application";
		};
/* End PBXNativeTarget section */

/* Begin PBXProject section */
		44FA61D128F069EA00DC3E8D /* Project object */ = {
			isa = PBXProject;
			attributes = {
				BuildIndependentTargetsInParallel = 1;
				LastSwiftUpdateCheck = 1400;
				LastUpgradeCheck = 1400;
				TargetAttributes = {
					44FA61D828F069EA00DC3E8D = {
						CreatedOnToolsVersion = 14.0.1;
					};
				};
			};
			buildConfigurationList = 44FA61D428F069EA00DC3E8D /* Build configuration list for PBXProject "104" */;
			compatibilityVersion = "Xcode 14.0";
			developmentRegion = en;
			hasScannedForEncodings = 0;
			knownRegions = (
				en,
				Base,
			);
			mainGroup = 44FA61D028F069EA00DC3E8D;
			productRefGroup = 44FA61DA28F069EA00DC3E8D /* Products */;
			projectDirPath = "";
			projectRoot = "";
			targets = (
				44FA61D828F069EA00DC3E8D /* 104 */,
			);
		};
/* End PBXProject section */

/* Begin PBXResourcesBuildPhase section */
		44FA61D728F069EA00DC3E8D /* Resources */ = {
			isa = PBXResourcesBuildPhase;
			buildActionMask = 2147483647;
			files = (
				44FA61E928F069EB00DC3E8D /* LaunchScreen.storyboard in Resources */,
				44FA61E628F069EB00DC3E8D /* Assets.xcassets in Resources */,
				44FA61E428F069EA00DC3E8D /* Main.storyboard in Resources */,
			);
			runOnlyForDeploymentPostprocessing = 0;
		};
/* End PBXResourcesBuildPhase section */

/* Begin PBXSourcesBuildPhase section */
		44FA61D528F069EA00DC3E8D /* Sources */ = {
			isa = PBXSourcesBuildPhase;
			buildActionMask = 2147483647;
			files = (
				44E4468028F0BFFD00167DC5 /* MainBarViewController.swift in Sources */,
				44FA61E128F069EA00DC3E8D /* SignInViewController2.swift in Sources */,
				44FA61DD28F069EA00DC3E8D /* AppDelegate.swift in Sources */,
				44E4468228F0C22000167DC5 /* SignOutViewController.swift in Sources */,
				44FA61DF28F069EA00DC3E8D /* SceneDelegate.swift in Sources */,
				44E4468628F0CEA500167DC5 /* AnimalViewController.swift in Sources */,
				44E4468428F0C40C00167DC5 /* BrowsCatalogViewControler.swift in Sources */,
			);
			runOnlyForDeploymentPostprocessing = 0;
		};
/* End PBXSourcesBuildPhase section */

/* Begin PBXVariantGroup section */
		44FA61E228F069EA00DC3E8D /* Main.storyboard */ = {
			isa = PBXVariantGroup;
			children = (
				44FA61E328F069EA00DC3E8D /* Base */,
			);
			name = Main.storyboard;
			sourceTree = "<group>";
		};
		44FA61E728F069EB00DC3E8D /* LaunchScreen.storyboard */ = {
			isa = PBXVariantGroup;
			children = (
				44FA61E828F069EB00DC3E8D /* Base */,
			);
			name = LaunchScreen.storyboard;
			sourceTree = "<group>";
		};
/* End PBXVariantGroup section */

/* Begin XCBuildConfiguration section */
		44FA61EB28F069EB00DC3E8D /* Debug */ = {
			isa = XCBuildConfiguration;
			buildSettings = {
				ALWAYS_SEARCH_USER_PATHS = NO;
				CLANG_ANALYZER_NONNULL = YES;
				CLANG_ANALYZER_NUMBER_OBJECT_CONVERSION = YES_AGGRESSIVE;
				CLANG_CXX_LANGUAGE_STANDARD = "gnu++20";
				CLANG_ENABLE_MODULES = YES;
				CLANG_ENABLE_OBJC_ARC = YES;
				CLANG_ENABLE_OBJC_WEAK = YES;
				CLANG_WARN_BLOCK_CAPTURE_AUTORELEASING = YES;
				CLANG_WARN_BOOL_CONVERSION = YES;
				CLANG_WARN_COMMA = YES;
				CLANG_WARN_CONSTANT_CONVERSION = YES;
				CLANG_WARN_DEPRECATED_OBJC_IMPLEMENTATIONS = YES;
				CLANG_WARN_DIRECT_OBJC_ISA_USAGE = YES_ERROR;
				CLANG_WARN_DOCUMENTATION_COMMENTS = YES;
				CLANG_WARN_EMPTY_BODY = YES;
				CLANG_WARN_ENUM_CONVERSION = YES;
				CLANG_WARN_INFINITE_RECURSION = YES;
				CLANG_WARN_INT_CONVERSION = YES;
				CLANG_WARN_NON_LITERAL_NULL_CONVERSION = YES;
				CLANG_WARN_OBJC_IMPLICIT_RETAIN_SELF = YES;
				CLANG_WARN_OBJC_LITERAL_CONVERSION = YES;
				CLANG_WARN_OBJC_ROOT_CLASS = YES_ERROR;
				CLANG_WARN_QUOTED_INCLUDE_IN_FRAMEWORK_HEADER = YES;
				CLANG_WARN_RANGE_LOOP_ANALYSIS = YES;
				CLANG_WARN_STRICT_PROTOTYPES = YES;
				CLANG_WARN_SUSPICIOUS_MOVE = YES;
				CLANG_WARN_UNGUARDED_AVAILABILITY = YES_AGGRESSIVE;
				CLANG_WARN_UNREACHABLE_CODE = YES;
				CLANG_WARN__DUPLICATE_METHOD_MATCH = YES;
				COPY_PHASE_STRIP = NO;
				DEBUG_INFORMATION_FORMAT = dwarf;
				ENABLE_STRICT_OBJC_MSGSEND = YES;
				ENABLE_TESTABILITY = YES;
				GCC_C_LANGUAGE_STANDARD = gnu11;
				GCC_DYNAMIC_NO_PIC = NO;
				GCC_NO_COMMON_BLOCKS = YES;
				GCC_OPTIMIZATION_LEVEL = 0;
				GCC_PREPROCESSOR_DEFINITIONS = (
					"DEBUG=1",
					"$(inherited)",
				);
				GCC_WARN_64_TO_32_BIT_CONVERSION = YES;
				GCC_WARN_ABOUT_RETURN_TYPE = YES_ERROR;
				GCC_WARN_UNDECLARED_SELECTOR = YES;
				GCC_WARN_UNINITIALIZED_AUTOS = YES_AGGRESSIVE;
				GCC_WARN_UNUSED_FUNCTION = YES;
				GCC_WARN_UNUSED_VARIABLE = YES;
				IPHONEOS_DEPLOYMENT_TARGET = 16.0;
				MTL_ENABLE_DEBUG_INFO = INCLUDE_SOURCE;
				MTL_FAST_MATH = YES;
				ONLY_ACTIVE_ARCH = YES;
				SDKROOT = iphoneos;
				SWIFT_ACTIVE_COMPILATION_CONDITIONS = DEBUG;
				SWIFT_OPTIMIZATION_LEVEL = "-Onone";
			};
			name = Debug;
		};
		44FA61EC28F069EB00DC3E8D /* Release */ = {
			isa = XCBuildConfiguration;
			buildSettings = {
				ALWAYS_SEARCH_USER_PATHS = NO;
				CLANG_ANALYZER_NONNULL = YES;
				CLANG_ANALYZER_NUMBER_OBJECT_CONVERSION = YES_AGGRESSIVE;
				CLANG_CXX_LANGUAGE_STANDARD = "gnu++20";
				CLANG_ENABLE_MODULES = YES;
				CLANG_ENABLE_OBJC_ARC = YES;
				CLANG_ENABLE_OBJC_WEAK = YES;
				CLANG_WARN_BLOCK_CAPTURE_AUTORELEASING = YES;
				CLANG_WARN_BOOL_CONVERSION = YES;
				CLANG_WARN_COMMA = YES;
				CLANG_WARN_CONSTANT_CONVERSION = YES;
				CLANG_WARN_DEPRECATED_OBJC_IMPLEMENTATIONS = YES;
				CLANG_WARN_DIRECT_OBJC_ISA_USAGE = YES_ERROR;
				CLANG_WARN_DOCUMENTATION_COMMENTS = YES;
				CLANG_WARN_EMPTY_BODY = YES;
				CLANG_WARN_ENUM_CONVERSION = YES;
				CLANG_WARN_INFINITE_RECURSION = YES;
				CLANG_WARN_INT_CONVERSION = YES;
				CLANG_WARN_NON_LITERAL_NULL_CONVERSION = YES;
				CLANG_WARN_OBJC_IMPLICIT_RETAIN_SELF = YES;
				CLANG_WARN_OBJC_LITERAL_CONVERSION = YES;
				CLANG_WARN_OBJC_ROOT_CLASS = YES_ERROR;
				CLANG_WARN_QUOTED_INCLUDE_IN_FRAMEWORK_HEADER = YES;
				CLANG_WARN_RANGE_LOOP_ANALYSIS = YES;
				CLANG_WARN_STRICT_PROTOTYPES = YES;
				CLANG_WARN_SUSPICIOUS_MOVE = YES;
				CLANG_WARN_UNGUARDED_AVAILABILITY = YES_AGGRESSIVE;
				CLANG_WARN_UNREACHABLE_CODE = YES;
				CLANG_WARN__DUPLICATE_METHOD_MATCH = YES;
				COPY_PHASE_STRIP = NO;
				DEBUG_INFORMATION_FORMAT = "dwarf-with-dsym";
				ENABLE_NS_ASSERTIONS = NO;
				ENABLE_STRICT_OBJC_MSGSEND = YES;
				GCC_C_LANGUAGE_STANDARD = gnu11;
				GCC_NO_COMMON_BLOCKS = YES;
				GCC_WARN_64_TO_32_BIT_CONVERSION = YES;
				GCC_WARN_ABOUT_RETURN_TYPE = YES_ERROR;
				GCC_WARN_UNDECLARED_SELECTOR = YES;
				GCC_WARN_UNINITIALIZED_AUTOS = YES_AGGRESSIVE;
				GCC_WARN_UNUSED_FUNCTION = YES;
				GCC_WARN_UNUSED_VARIABLE = YES;
				IPHONEOS_DEPLOYMENT_TARGET = 16.0;
				MTL_ENABLE_DEBUG_INFO = NO;
				MTL_FAST_MATH = YES;
				SDKROOT = iphoneos;
				SWIFT_COMPILATION_MODE = wholemodule;
				SWIFT_OPTIMIZATION_LEVEL = "-O";
				VALIDATE_PRODUCT = YES;
			};
			name = Release;
		};
		44FA61EE28F069EB00DC3E8D /* Debug */ = {
			isa = XCBuildConfiguration;
			buildSettings = {
				ASSETCATALOG_COMPILER_APPICON_NAME = AppIcon;
				ASSETCATALOG_COMPILER_GLOBAL_ACCENT_COLOR_NAME = AccentColor;
				CODE_SIGN_STYLE = Automatic;
				CURRENT_PROJECT_VERSION = 1;
				GENERATE_INFOPLIST_FILE = YES;
				INFOPLIST_FILE = 104/Info.plist;
				INFOPLIST_KEY_UIApplicationSupportsIndirectInputEvents = YES;
				INFOPLIST_KEY_UILaunchStoryboardName = LaunchScreen;
				INFOPLIST_KEY_UIMainStoryboardFile = Main;
				INFOPLIST_KEY_UISupportedInterfaceOrientations_iPad = "UIInterfaceOrientationPortrait UIInterfaceOrientationPortraitUpsideDown UIInterfaceOrientationLandscapeLeft UIInterfaceOrientationLandscapeRight";
				INFOPLIST_KEY_UISupportedInterfaceOrientations_iPhone = "UIInterfaceOrientationPortrait UIInterfaceOrientationLandscapeLeft UIInterfaceOrientationLandscapeRight";
				LD_RUNPATH_SEARCH_PATHS = (
					"$(inherited)",
					"@executable_path/Frameworks",
				);
				MARKETING_VERSION = 1.0;
				PRODUCT_BUNDLE_IDENTIFIER = "rom.first.-04";
				PRODUCT_NAME = "$(TARGET_NAME)";
				SWIFT_EMIT_LOC_STRINGS = YES;
				SWIFT_VERSION = 5.0;
				TARGETED_DEVICE_FAMILY = "1,2";
			};
			name = Debug;
		};
		44FA61EF28F069EB00DC3E8D /* Release */ = {
			isa = XCBuildConfiguration;
			buildSettings = {
				ASSETCATALOG_COMPILER_APPICON_NAME = AppIcon;
				ASSETCATALOG_COMPILER_GLOBAL_ACCENT_COLOR_NAME = AccentColor;
				CODE_SIGN_STYLE = Automatic;
				CURRENT_PROJECT_VERSION = 1;
				GENERATE_INFOPLIST_FILE = YES;
				INFOPLIST_FILE = 104/Info.plist;
				INFOPLIST_KEY_UIApplicationSupportsIndirectInputEvents = YES;
				INFOPLIST_KEY_UILaunchStoryboardName = LaunchScreen;
				INFOPLIST_KEY_UIMainStoryboardFile = Main;
				INFOPLIST_KEY_UISupportedInterfaceOrientations_iPad = "UIInterfaceOrientationPortrait UIInterfaceOrientationPortraitUpsideDown UIInterfaceOrientationLandscapeLeft UIInterfaceOrientationLandscapeRight";
				INFOPLIST_KEY_UISupportedInterfaceOrientations_iPhone = "UIInterfaceOrientationPortrait UIInterfaceOrientationLandscapeLeft UIInterfaceOrientationLandscapeRight";
				LD_RUNPATH_SEARCH_PATHS = (
					"$(inherited)",
					"@executable_path/Frameworks",
				);
				MARKETING_VERSION = 1.0;
				PRODUCT_BUNDLE_IDENTIFIER = "rom.first.-04";
				PRODUCT_NAME = "$(TARGET_NAME)";
				SWIFT_EMIT_LOC_STRINGS = YES;
				SWIFT_VERSION = 5.0;
				TARGETED_DEVICE_FAMILY = "1,2";
			};
			name = Release;
		};
/* End XCBuildConfiguration section */

/* Begin XCConfigurationList section */
		44FA61D428F069EA00DC3E8D /* Build configuration list for PBXProject "104" */ = {
			isa = XCConfigurationList;
			buildConfigurations = (
				44FA61EB28F069EB00DC3E8D /* Debug */,
				44FA61EC28F069EB00DC3E8D /* Release */,
			);
			defaultConfigurationIsVisible = 0;
			defaultConfigurationName = Release;
		};
		44FA61ED28F069EB00DC3E8D /* Build configuration list for PBXNativeTarget "104" */ = {
			isa = XCConfigurationList;
			buildConfigurations = (
				44FA61EE28F069EB00DC3E8D /* Debug */,
				44FA61EF28F069EB00DC3E8D /* Release */,
			);
			defaultConfigurationIsVisible = 0;
			defaultConfigurationName = Release;
		};
/* End XCConfigurationList section */
	};
	rootObject = 44FA61D128F069EA00DC3E8D /* Project object */;
}
